
Microsoft Visual Studio Solution File, Format Version 12.00
# Visual Studio Version 17
VisualStudioVersion = 17.2.32516.85
MinimumVisualStudioVersion = 10.0.40219.1
Project("{FAE04EC0-301F-11D3-BF4B-00C04F79EFBC}") = "WinFormsChart", "WinFormsChart\WinFormsChart.csproj", "{850CD8E1-4412-4D95-9E71-AC9B51FD39D2}"
EndProject
Global
	GlobalSection(SolutionConfigurationPlatforms) = preSolution
		Debug|Any CPU = Debug|Any CPU
		Release|Any CPU = Release|Any CPU
	EndGlobalSection
	GlobalSection(ProjectConfigurationPlatforms) = postSolution
		{850CD8E1-4412-4D95-9E71-AC9B51FD39D2}.Debug|Any CPU.ActiveCfg = Debug|Any CPU
		{850CD8E1-4412-4D95-9E71-AC9B51FD39D2}.Debug|Any CPU.Build.0 = Debug|Any CPU
		{850CD8E1-4412-4D95-9E71-AC9B51FD39D2}.Release|Any CPU.ActiveCfg = Release|Any CPU
		{850CD8E1-4412-4D95-9E71-AC9B51FD39D2}.Release|Any CPU.Build.0 = Release|Any CPU
	EndGlobalSection
	GlobalSection(SolutionProperties) = preSolution
		HideSolutionNode = FALSE
	EndGlobalSection
	GlobalSection(ExtensibilityGlobals) = postSolution
		SolutionGuid = {6F82860F-EFD3-414E-B962-2888AB118EAD}
	EndGlobalSection
EndGlobal
