
Microsoft Visual Studio Solution File, Format Version 12.00
# Visual Studio Version 17
VisualStudioVersion = 17.2.32516.85
MinimumVisualStudioVersion = 10.0.40219.1
Project("{FAE04EC0-301F-11D3-BF4B-00C04F79EFBC}") = "WinFormsApp1", "WinFormsApp1\WinFormsApp1.csproj", "{DD81D3AA-C5A6-474C-B4DB-0F39C0B217D7}"
EndProject
Global
	GlobalSection(SolutionConfigurationPlatforms) = preSolution
		Debug|Any CPU = Debug|Any CPU
		Release|Any CPU = Release|Any CPU
	EndGlobalSection
	GlobalSection(ProjectConfigurationPlatforms) = postSolution
		{DD81D3AA-C5A6-474C-B4DB-0F39C0B217D7}.Debug|Any CPU.ActiveCfg = Debug|Any CPU
		{DD81D3AA-C5A6-474C-B4DB-0F39C0B217D7}.Debug|Any CPU.Build.0 = Debug|Any CPU
		{DD81D3AA-C5A6-474C-B4DB-0F39C0B217D7}.Release|Any CPU.ActiveCfg = Release|Any CPU
		{DD81D3AA-C5A6-474C-B4DB-0F39C0B217D7}.Release|Any CPU.Build.0 = Release|Any CPU
	EndGlobalSection
	GlobalSection(SolutionProperties) = preSolution
		HideSolutionNode = FALSE
	EndGlobalSection
	GlobalSection(ExtensibilityGlobals) = postSolution
		SolutionGuid = {B609C0EC-B3D1-4F05-A822-C6A0ABDA5545}
	EndGlobalSection
EndGlobal
